
Microsoft Visual Studio Solution File, Format Version 12.00
# Visual Studio Version 17
VisualStudioVersion = 17.11.35312.102
MinimumVisualStudioVersion = 10.0.40219.1
Project("{FAE04EC0-301F-11D3-BF4B-00C04F79EFBC}") = "Prueba", "Prueba\Prueba.csproj", "{FCF50192-0EE9-4B12-AAF5-3773E32F8B81}"
EndProject
Global
	GlobalSection(SolutionConfigurationPlatforms) = preSolution
		Debug|Any CPU = Debug|Any CPU
		Release|Any CPU = Release|Any CPU
	EndGlobalSection
	GlobalSection(ProjectConfigurationPlatforms) = postSolution
		{FCF50192-0EE9-4B12-AAF5-3773E32F8B81}.Debug|Any CPU.ActiveCfg = Debug|Any CPU
		{FCF50192-0EE9-4B12-AAF5-3773E32F8B81}.Debug|Any CPU.Build.0 = Debug|Any CPU
		{FCF50192-0EE9-4B12-AAF5-3773E32F8B81}.Release|Any CPU.ActiveCfg = Release|Any CPU
		{FCF50192-0EE9-4B12-AAF5-3773E32F8B81}.Release|Any CPU.Build.0 = Release|Any CPU
	EndGlobalSection
	GlobalSection(SolutionProperties) = preSolution
		HideSolutionNode = FALSE
	EndGlobalSection
	GlobalSection(ExtensibilityGlobals) = postSolution
		SolutionGuid = {D0474891-6DFD-43C7-8E2D-B3376F703B6A}
	EndGlobalSection
EndGlobal
